
Microsoft Visual Studio Solution File, Format Version 12.00
# Visual Studio Version 17
VisualStudioVersion = 17.6.33829.357
MinimumVisualStudioVersion = 10.0.40219.1
Project("{9A19103F-16F7-4668-BE54-9A1E7A4F7556}") = "olympus", "olympus.csproj", "{9273BD0E-097C-424F-8718-D4A0E8C97651}"
EndProject
Global
	GlobalSection(SolutionConfigurationPlatforms) = preSolution
		Debug|Any CPU = Debug|Any CPU
		Release|Any CPU = Release|Any CPU
	EndGlobalSection
	GlobalSection(ProjectConfigurationPlatforms) = postSolution
		{9273BD0E-097C-424F-8718-D4A0E8C97651}.Debug|Any CPU.ActiveCfg = Debug|Any CPU
		{9273BD0E-097C-424F-8718-D4A0E8C97651}.Debug|Any CPU.Build.0 = Debug|Any CPU
		{9273BD0E-097C-424F-8718-D4A0E8C97651}.Release|Any CPU.ActiveCfg = Release|Any CPU
		{9273BD0E-097C-424F-8718-D4A0E8C97651}.Release|Any CPU.Build.0 = Release|Any CPU
	EndGlobalSection
	GlobalSection(SolutionProperties) = preSolution
		HideSolutionNode = FALSE
	EndGlobalSection
	GlobalSection(ExtensibilityGlobals) = postSolution
		SolutionGuid = {827DE7FF-DD8D-4EB6-B7CF-7C5C5CF82B1E}
	EndGlobalSection
EndGlobal
